// !$*UTF8*$!
{
	archiveVersion = 1;
	classes = {
	};
	objectVersion = 46;
	objects = {

/* Begin PBXBuildFile section */
		04E236941DF82D34007DCA39 /* AppDelegate.swift in Sources */ = {isa = PBXBuildFile; fileRef = 04E236931DF82D34007DCA39 /* AppDelegate.swift */; };
		04E236961DF82D34007DCA39 /* ViewController.swift in Sources */ = {isa = PBXBuildFile; fileRef = 04E236951DF82D34007DCA39 /* ViewController.swift */; };
		04E236991DF82D34007DCA39 /* Main.storyboard in Resources */ = {isa = PBXBuildFile; fileRef = 04E236971DF82D34007DCA39 /* Main.storyboard */; };
		04E2369B1DF82D34007DCA39 /* Assets.xcassets in Resources */ = {isa = PBXBuildFile; fileRef = 04E2369A1DF82D34007DCA39 /* Assets.xcassets */; };
		04E2369E1DF82D34007DCA39 /* LaunchScreen.storyboard in Resources */ = {isa = PBXBuildFile; fileRef = 04E2369C1DF82D34007DCA39 /* LaunchScreen.storyboard */; };
/* End PBXBuildFile section */

/* Begin PBXFileReference section */
		04E236901DF82D34007DCA39 /* Vocabulary1207.app */ = {isa = PBXFileReference; explicitFileType = wrapper.application; includeInIndex = 0; path = Vocabulary1207.app; sourceTree = BUILT_PRODUCTS_DIR; };
		04E236931DF82D34007DCA39 /* AppDelegate.swift */ = {isa = PBXFileReference; lastKnownFileType = sourcecode.swift; path = AppDelegate.swift; sourceTree = "<group>"; };
		04E236951DF82D34007DCA39 /* ViewController.swift */ = {isa = PBXFileReference; lastKnownFileType = sourcecode.swift; path = ViewController.swift; sourceTree = "<group>"; };
		04E236981DF82D34007DCA39 /* Base */ = {isa = PBXFileReference; lastKnownFileType = file.storyboard; name = Base; path = Base.lproj/Main.storyboard; sourceTree = "<group>"; };
		04E2369A1DF82D34007DCA39 /* Assets.xcassets */ = {isa = PBXFileReference; lastKnownFileType = folder.assetcatalog; path = Assets.xcassets; sourceTree = "<group>"; };
		04E2369D1DF82D34007DCA39 /* Base */ = {isa = PBXFileReference; lastKnownFileType = file.storyboard; name = Base; path = Base.lproj/LaunchScreen.storyboard; sourceTree = "<group>"; };
		04E2369F1DF82D34007DCA39 /* Info.plist */ = {isa = PBXFileReference; lastKnownFileType = text.plist.xml; path = Info.plist; sourceTree = "<group>"; };
/* End PBXFileReference section */

/* Begin PBXFrameworksBuildPhase section */
		04E2368D1DF82D34007DCA39 /* Frameworks */ = {
			isa = PBXFrameworksBuildPhase;
			buildActionMask = 2147483647;
			files = (
			);
			runOnlyForDeploymentPostprocessing = 0;
		};
/* End PBXFrameworksBuildPhase section */

/* Begin PBXGroup section */
		04E236871DF82D34007DCA39 = {
			isa = PBXGroup;
			children = (
				04E236921DF82D34007DCA39 /* Vocabulary1207 */,
				04E236911DF82D34007DCA39 /* Products */,
			);
			sourceTree = "<group>";
		};
		04E236911DF82D34007DCA39 /* Products */ = {
			isa = PBXGroup;
			children = (
				04E236901DF82D34007DCA39 /* Vocabulary1207.app */,
			);
			name = Products;
			sourceTree = "<group>";
		};
		04E236921DF82D34007DCA39 /* Vocabulary1207 */ = {
			isa = PBXGroup;
			children = (
				04E236931DF82D34007DCA39 /* AppDelegate.swift */,
				04E236951DF82D34007DCA39 /* ViewController.swift */,
				04E236971DF82D34007DCA39 /* Main.storyboard */,
				04E2369A1DF82D34007DCA39 /* Assets.xcassets */,
				04E2369C1DF82D34007DCA39 /* LaunchScreen.storyboard */,
				04E2369F1DF82D34007DCA39 /* Info.plist */,
			);
			path = Vocabulary1207;
			sourceTree = "<group>";
		};
/* End PBXGroup section */

/* Begin PBXNativeTarget section */
		04E2368F1DF82D34007DCA39 /* Vocabulary1207 */ = {
			isa = PBXNativeTarget;
			buildConfigurationList = 04E236A21DF82D34007DCA39 /* Build configuration list for PBXNativeTarget "Vocabulary1207" */;
			buildPhases = (
				04E2368C1DF82D34007DCA39 /* Sources */,
				04E2368D1DF82D34007DCA39 /* Frameworks */,
				04E2368E1DF82D34007DCA39 /* Resources */,
			);
			buildRules = (
			);
			dependencies = (
			);
			name = Vocabulary1207;
			productName = Vocabulary1207;
			productReference = 04E236901DF82D34007DCA39 /* Vocabulary1207.app */;
			productType = "com.apple.product-type.application";
		};
/* End PBXNativeTarget section */

/* Begin PBXProject section */
		04E236881DF82D34007DCA39 /* Project object */ = {
			isa = PBXProject;
			attributes = {
				LastSwiftUpdateCheck = 0810;
				LastUpgradeCheck = 0810;
				ORGANIZATIONNAME = yaya;
				TargetAttributes = {
					04E2368F1DF82D34007DCA39 = {
						CreatedOnToolsVersion = 8.1;
						DevelopmentTeam = RBNR98LSKP;
						ProvisioningStyle = Automatic;
					};
				};
			};
			buildConfigurationList = 04E2368B1DF82D34007DCA39 /* Build configuration list for PBXProject "Vocabulary1207" */;
			compatibilityVersion = "Xcode 3.2";
			developmentRegion = English;
			hasScannedForEncodings = 0;
			knownRegions = (
				en,
				Base,
			);
			mainGroup = 04E236871DF82D34007DCA39;
			productRefGroup = 04E236911DF82D34007DCA39 /* Products */;
			projectDirPath = "";
			projectRoot = "";
			targets = (
				04E2368F1DF82D34007DCA39 /* Vocabulary1207 */,
			);
		};
/* End PBXProject section */

/* Begin PBXResourcesBuildPhase section */
		04E2368E1DF82D34007DCA39 /* Resources */ = {
			isa = PBXResourcesBuildPhase;
			buildActionMask = 2147483647;
			files = (
				04E2369E1DF82D34007DCA39 /* LaunchScreen.storyboard in Resources */,
				04E2369B1DF82D34007DCA39 /* Assets.xcassets in Resources */,
				04E236991DF82D34007DCA39 /* Main.storyboard in Resources */,
			);
			runOnlyForDeploymentPostprocessing = 0;
		};
/* End PBXResourcesBuildPhase section */

/* Begin PBXSourcesBuildPhase section */
		04E2368C1DF82D34007DCA39 /* Sources */ = {
			isa = PBXSourcesBuildPhase;
			buildActionMask = 2147483647;
			files = (
				04E236961DF82D34007DCA39 /* ViewController.swift in Sources */,
				04E236941DF82D34007DCA39 /* AppDelegate.swift in Sources */,
			);
			runOnlyForDeploymentPostprocessing = 0;
		};
/* End PBXSourcesBuildPhase section */

/* Begin PBXVariantGroup section */
		04E236971DF82D34007DCA39 /* Main.storyboard */ = {
			isa = PBXVariantGroup;
			children = (
				04E236981DF82D34007DCA39 /* Base */,
			);
			name = Main.storyboard;
			sourceTree = "<group>";
		};
		04E2369C1DF82D34007DCA39 /* LaunchScreen.storyboard */ = {
			isa = PBXVariantGroup;
			children = (
				04E2369D1DF82D34007DCA39 /* Base */,
			);
			name = LaunchScreen.storyboard;
			sourceTree = "<group>";
		};
/* End PBXVariantGroup section */

/* Begin XCBuildConfiguration section */
		04E236A01DF82D34007DCA39 /* Debug */ = {
			isa = XCBuildConfiguration;
			buildSettings = {
				ALWAYS_SEARCH_USER_PATHS = NO;
				CLANG_ANALYZER_NONNULL = YES;
				CLANG_CXX_LANGUAGE_STANDARD = "gnu++0x";
				CLANG_CXX_LIBRARY = "libc++";
				CLANG_ENABLE_MODULES = YES;
				CLANG_ENABLE_OBJC_ARC = YES;
				CLANG_WARN_BOOL_CONVERSION = YES;
				CLANG_WARN_CONSTANT_CONVERSION = YES;
				CLANG_WARN_DIRECT_OBJC_ISA_USAGE = YES_ERROR;
				CLANG_WARN_DOCUMENTATION_COMMENTS = YES;
				CLANG_WARN_EMPTY_BODY = YES;
				CLANG_WARN_ENUM_CONVERSION = YES;
				CLANG_WARN_INFINITE_RECURSION = YES;
				CLANG_WARN_INT_CONVERSION = YES;
				CLANG_WARN_OBJC_ROOT_CLASS = YES_ERROR;
				CLANG_WARN_SUSPICIOUS_MOVES = YES;
				CLANG_WARN_UNREACHABLE_CODE = YES;
				CLANG_WARN__DUPLICATE_METHOD_MATCH = YES;
				"CODE_SIGN_IDENTITY[sdk=iphoneos*]" = "iPhone Developer";
				COPY_PHASE_STRIP = NO;
				DEBUG_INFORMATION_FORMAT = dwarf;
				ENABLE_STRICT_OBJC_MSGSEND = YES;
				ENABLE_TESTABILITY = YES;
				GCC_C_LANGUAGE_STANDARD = gnu99;
				GCC_DYNAMIC_NO_PIC = NO;
				GCC_NO_COMMON_BLOCKS = YES;
				GCC_OPTIMIZATION_LEVEL = 0;
				GCC_PREPROCESSOR_DEFINITIONS = (
					"DEBUG=1",
					"$(inherited)",
				);
				GCC_WARN_64_TO_32_BIT_CONVERSION = YES;
				GCC_WARN_ABOUT_RETURN_TYPE = YES_ERROR;
				GCC_WARN_UNDECLARED_SELECTOR = YES;
				GCC_WARN_UNINITIALIZED_AUTOS = YES_AGGRESSIVE;
				GCC_WARN_UNUSED_FUNCTION = YES;
				GCC_WARN_UNUSED_VARIABLE = YES;
				IPHONEOS_DEPLOYMENT_TARGET = 10.1;
				MTL_ENABLE_DEBUG_INFO = YES;
				ONLY_ACTIVE_ARCH = YES;
				SDKROOT = iphoneos;
				SWIFT_ACTIVE_COMPILATION_CONDITIONS = DEBUG;
				SWIFT_OPTIMIZATION_LEVEL = "-Onone";
			};
			name = Debug;
		};
		04E236A11DF82D34007DCA39 /* Release */ = {
			isa = XCBuildConfiguration;
			buildSettings = {
				ALWAYS_SEARCH_USER_PATHS = NO;
				CLANG_ANALYZER_NONNULL = YES;
				CLANG_CXX_LANGUAGE_STANDARD = "gnu++0x";
				CLANG_CXX_LIBRARY = "libc++";
				CLANG_ENABLE_MODULES = YES;
				CLANG_ENABLE_OBJC_ARC = YES;
				CLANG_WARN_BOOL_CONVERSION = YES;
				CLANG_WARN_CONSTANT_CONVERSION = YES;
				CLANG_WARN_DIRECT_OBJC_ISA_USAGE = YES_ERROR;
				CLANG_WARN_DOCUMENTATION_COMMENTS = YES;
				CLANG_WARN_EMPTY_BODY = YES;
				CLANG_WARN_ENUM_CONVERSION = YES;
				CLANG_WARN_INFINITE_RECURSION = YES;
				CLANG_WARN_INT_CONVERSION = YES;
				CLANG_WARN_OBJC_ROOT_CLASS = YES_ERROR;
				CLANG_WARN_SUSPICIOUS_MOVES = YES;
				CLANG_WARN_UNREACHABLE_CODE = YES;
				CLANG_WARN__DUPLICATE_METHOD_MATCH = YES;
				"CODE_SIGN_IDENTITY[sdk=iphoneos*]" = "iPhone Developer";
				COPY_PHASE_STRIP = NO;
				DEBUG_INFORMATION_FORMAT = "dwarf-with-dsym";
				ENABLE_NS_ASSERTIONS = NO;
				ENABLE_STRICT_OBJC_MSGSEND = YES;
				GCC_C_LANGUAGE_STANDARD = gnu99;
				GCC_NO_COMMON_BLOCKS = YES;
				GCC_WARN_64_TO_32_BIT_CONVERSION = YES;
				GCC_WARN_ABOUT_RETURN_TYPE = YES_ERROR;
				GCC_WARN_UNDECLARED_SELECTOR = YES;
				GCC_WARN_UNINITIALIZED_AUTOS = YES_AGGRESSIVE;
				GCC_WARN_UNUSED_FUNCTION = YES;
				GCC_WARN_UNUSED_VARIABLE = YES;
				IPHONEOS_DEPLOYMENT_TARGET = 10.1;
				MTL_ENABLE_DEBUG_INFO = NO;
				SDKROOT = iphoneos;
				SWIFT_OPTIMIZATION_LEVEL = "-Owholemodule";
				VALIDATE_PRODUCT = YES;
			};
			name = Release;
		};
		04E236A31DF82D34007DCA39 /* Debug */ = {
			isa = XCBuildConfiguration;
			buildSettings = {
				ASSETCATALOG_COMPILER_APPICON_NAME = AppIcon;
				DEVELOPMENT_TEAM = RBNR98LSKP;
				INFOPLIST_FILE = Vocabulary1207/Info.plist;
				LD_RUNPATH_SEARCH_PATHS = "$(inherited) @executable_path/Frameworks";
				PRODUCT_BUNDLE_IDENTIFIER = com.yaya.Vocabulary1207;
				PRODUCT_NAME = "$(TARGET_NAME)";
				SWIFT_VERSION = 3.0;
			};
			name = Debug;
		};
		04E236A41DF82D34007DCA39 /* Release */ = {
			isa = XCBuildConfiguration;
			buildSettings = {
				ASSETCATALOG_COMPILER_APPICON_NAME = AppIcon;
				DEVELOPMENT_TEAM = RBNR98LSKP;
				INFOPLIST_FILE = Vocabulary1207/Info.plist;
				LD_RUNPATH_SEARCH_PATHS = "$(inherited) @executable_path/Frameworks";
				PRODUCT_BUNDLE_IDENTIFIER = com.yaya.Vocabulary1207;
				PRODUCT_NAME = "$(TARGET_NAME)";
				SWIFT_VERSION = 3.0;
			};
			name = Release;
		};
/* End XCBuildConfiguration section */

/* Begin XCConfigurationList section */
		04E2368B1DF82D34007DCA39 /* Build configuration list for PBXProject "Vocabulary1207" */ = {
			isa = XCConfigurationList;
			buildConfigurations = (
				04E236A01DF82D34007DCA39 /* Debug */,
				04E236A11DF82D34007DCA39 /* Release */,
			);
			defaultConfigurationIsVisible = 0;
			defaultConfigurationName = Release;
		};
		04E236A21DF82D34007DCA39 /* Build configuration list for PBXNativeTarget "Vocabulary1207" */ = {
			isa = XCConfigurationList;
			buildConfigurations = (
				04E236A31DF82D34007DCA39 /* Debug */,
				04E236A41DF82D34007DCA39 /* Release */,
			);
			defaultConfigurationIsVisible = 0;
		};
/* End XCConfigurationList section */
	};
	rootObject = 04E236881DF82D34007DCA39 /* Project object */;
}
